
Microsoft Visual Studio Solution File, Format Version 12.00
# Visual Studio 2013
VisualStudioVersion = 12.0.21005.1
MinimumVisualStudioVersion = 10.0.40219.1
Project("{888888A0-9F3D-457C-B088-3A5042F75D52}") = "p_190108_beautifulsoup_exercise", "p_190108_beautifulsoup_exercise\p_190108_beautifulsoup_exercise.pyproj", "{2B327D98-A394-42F2-93AA-9A74E8BEB167}"
EndProject
Global
	GlobalSection(SolutionConfigurationPlatforms) = preSolution
		Debug|Any CPU = Debug|Any CPU
		Release|Any CPU = Release|Any CPU
	EndGlobalSection
	GlobalSection(ProjectConfigurationPlatforms) = postSolution
		{2B327D98-A394-42F2-93AA-9A74E8BEB167}.Debug|Any CPU.ActiveCfg = Debug|Any CPU
		{2B327D98-A394-42F2-93AA-9A74E8BEB167}.Release|Any CPU.ActiveCfg = Release|Any CPU
	EndGlobalSection
	GlobalSection(SolutionProperties) = preSolution
		HideSolutionNode = FALSE
	EndGlobalSection
EndGlobal
