
Microsoft Visual Studio Solution File, Format Version 12.00
# Visual Studio 2013
VisualStudioVersion = 12.0.21005.1
MinimumVisualStudioVersion = 10.0.40219.1
Project("{888888A0-9F3D-457C-B088-3A5042F75D52}") = "181226_RomanAndInteger", "181226_RomanAndInteger\181226_RomanAndInteger.pyproj", "{0F210A01-F520-46C7-BF54-988C70C6CBAC}"
EndProject
Global
	GlobalSection(SolutionConfigurationPlatforms) = preSolution
		Debug|Any CPU = Debug|Any CPU
		Release|Any CPU = Release|Any CPU
	EndGlobalSection
	GlobalSection(ProjectConfigurationPlatforms) = postSolution
		{0F210A01-F520-46C7-BF54-988C70C6CBAC}.Debug|Any CPU.ActiveCfg = Debug|Any CPU
		{0F210A01-F520-46C7-BF54-988C70C6CBAC}.Release|Any CPU.ActiveCfg = Release|Any CPU
	EndGlobalSection
	GlobalSection(SolutionProperties) = preSolution
		HideSolutionNode = FALSE
	EndGlobalSection
EndGlobal
